github.com/brutella/can v0.0.1/go.mod h1:NYDxbQito3w4+4DcjWs/fpQ3xyaFdpXw/KYqtZFU98k=
github.com/brutella/can v0.0.2 h1:8TyjZrBZSwQwSr5x3U9KtKzGW8HNE/NpUgsNcYDAVIM=
github.com/brutella/can v0.0.2/go.mod h1:NYDxbQito3w4+4DcjWs/fpQ3xyaFdpXw/KYqtZFU98k=
github.com/brutella/canopen v0.0.2 h1:mngNlp+PsdqGnvhSijl3DvbPN0hj1UYB9nJaOcqCsKo=
github.com/brutella/canopen v0.0.2/go.mod h1:luvMkb19ODa+w0u3mErCE78yAg9YIVk0ofMgDEng1mQ=
github.com/brutella/uvr v0.0.1 h1:HHB7o2mHuj17AkdkY1GascnV7a6qzUigsOb9fXIeEQ4=
github.com/brutella/uvr v0.0.1/go.mod h1:bmpaOC+0/G+VgUiPywOBxidXJav/91GNG8GgtxlZT0Y=
golang.org/x/sys v0.0.0-20181213200352-4d1cda033e06 h1:0oC8rFnE+74kEmuHZ46F6KHsMr5Gx2gUQPuNz28iQZM=
golang.org/x/sys v0.0.0-20181213200352-4d1cda033e06/go.mod h1:STP8DvDyc/dI5b8T5hshtkjS+E42TnysNCUPdjciGhY=
